
Microsoft Visual Studio Solution File, Format Version 12.00
# Visual Studio Version 17
VisualStudioVersion = 17.2.32630.192
MinimumVisualStudioVersion = 10.0.40219.1
Project("{FAE04EC0-301F-11D3-BF4B-00C04F79EFBC}") = "Delegate_Assignment2", "Delegate_Assignment2\Delegate_Assignment2.csproj", "{859B000E-11E1-4389-AE2C-314A3763CE56}"
EndProject
Global
	GlobalSection(SolutionConfigurationPlatforms) = preSolution
		Debug|Any CPU = Debug|Any CPU
		Release|Any CPU = Release|Any CPU
	EndGlobalSection
	GlobalSection(ProjectConfigurationPlatforms) = postSolution
		{859B000E-11E1-4389-AE2C-314A3763CE56}.Debug|Any CPU.ActiveCfg = Debug|Any CPU
		{859B000E-11E1-4389-AE2C-314A3763CE56}.Debug|Any CPU.Build.0 = Debug|Any CPU
		{859B000E-11E1-4389-AE2C-314A3763CE56}.Release|Any CPU.ActiveCfg = Release|Any CPU
		{859B000E-11E1-4389-AE2C-314A3763CE56}.Release|Any CPU.Build.0 = Release|Any CPU
	EndGlobalSection
	GlobalSection(SolutionProperties) = preSolution
		HideSolutionNode = FALSE
	EndGlobalSection
	GlobalSection(ExtensibilityGlobals) = postSolution
		SolutionGuid = {F5F691C9-49F1-44B8-86EC-8B8FAFA5BFD7}
	EndGlobalSection
EndGlobal
