
Microsoft Visual Studio Solution File, Format Version 12.00
# Visual Studio Version 17
VisualStudioVersion = 17.2.32630.192
MinimumVisualStudioVersion = 10.0.40219.1
Project("{FAE04EC0-301F-11D3-BF4B-00C04F79EFBC}") = "SchoolOwnership", "SchoolOwnership\SchoolOwnership.csproj", "{70A4CE7D-AF9F-4D9E-8831-10D3A2D08554}"
EndProject
Global
	GlobalSection(SolutionConfigurationPlatforms) = preSolution
		Debug|Any CPU = Debug|Any CPU
		Release|Any CPU = Release|Any CPU
	EndGlobalSection
	GlobalSection(ProjectConfigurationPlatforms) = postSolution
		{70A4CE7D-AF9F-4D9E-8831-10D3A2D08554}.Debug|Any CPU.ActiveCfg = Debug|Any CPU
		{70A4CE7D-AF9F-4D9E-8831-10D3A2D08554}.Debug|Any CPU.Build.0 = Debug|Any CPU
		{70A4CE7D-AF9F-4D9E-8831-10D3A2D08554}.Release|Any CPU.ActiveCfg = Release|Any CPU
		{70A4CE7D-AF9F-4D9E-8831-10D3A2D08554}.Release|Any CPU.Build.0 = Release|Any CPU
	EndGlobalSection
	GlobalSection(SolutionProperties) = preSolution
		HideSolutionNode = FALSE
	EndGlobalSection
	GlobalSection(ExtensibilityGlobals) = postSolution
		SolutionGuid = {959BF0FD-7EB9-4DAD-8722-5B96B3CA0A46}
	EndGlobalSection
EndGlobal
